
Microsoft Visual Studio Solution File, Format Version 12.00
# Visual Studio Version 17
VisualStudioVersion = 17.2.32616.157
MinimumVisualStudioVersion = 10.0.40219.1
Project("{9A19103F-16F7-4668-BE54-9A1E7A4F7556}") = "PostJob.Api", "PostJob.Api\PostJob.Api.csproj", "{45238770-D688-47F5-99EC-57E9FC8064AD}"
EndProject
Global
	GlobalSection(SolutionConfigurationPlatforms) = preSolution
		Debug|Any CPU = Debug|Any CPU
		Release|Any CPU = Release|Any CPU
	EndGlobalSection
	GlobalSection(ProjectConfigurationPlatforms) = postSolution
		{45238770-D688-47F5-99EC-57E9FC8064AD}.Debug|Any CPU.ActiveCfg = Debug|Any CPU
		{45238770-D688-47F5-99EC-57E9FC8064AD}.Debug|Any CPU.Build.0 = Debug|Any CPU
		{45238770-D688-47F5-99EC-57E9FC8064AD}.Release|Any CPU.ActiveCfg = Release|Any CPU
		{45238770-D688-47F5-99EC-57E9FC8064AD}.Release|Any CPU.Build.0 = Release|Any CPU
	EndGlobalSection
	GlobalSection(SolutionProperties) = preSolution
		HideSolutionNode = FALSE
	EndGlobalSection
	GlobalSection(ExtensibilityGlobals) = postSolution
		SolutionGuid = {CE9D0D94-745F-4D79-A289-E24C2AC2D5E2}
	EndGlobalSection
EndGlobal
